schema: '2.0'
stages:
  load_data:
    cmd: python src/load_data.py --config=params.yaml
    deps:
    - path: data_given/winequality.csv
      md5: 6a883fd98624e18c0b7ce251f4fab4fb
      size: 100951
    - path: src/get_data.py
      md5: 2ea21de4c9b5d35bc2c5292384c0a195
      size: 699
    - path: src/load_data.py
      md5: b4b5faaee69276ae5442f0a3cb56804f
      size: 703
    outs:
    - path: data/raw/winequality.csv
      md5: b81c95040ccc1f04820095a237ba3c61
      size: 95085
  split_data:
    cmd: python src/split_data.py --config=params.yaml
    deps:
    - path: data/raw/winequality.csv
      md5: b81c95040ccc1f04820095a237ba3c61
      size: 95085
    - path: src/split_data.py
      md5: 59982d553a37ed3ab4723abeabddca85
      size: 1096
    outs:
    - path: data/process/test_winequality.csv
      md5: 420389d6fcceeb7da1311c6b14af875f
      size: 19157
    - path: data/process/train_winequality.csv
      md5: eb194c439f11a763691ae2f66e305d74
      size: 76075
  train_and_evaluate:
    cmd: python src/train_evaluate.py --config=params.yaml
    deps:
    - path: data/process/test_winequality.csv
      md5: 420389d6fcceeb7da1311c6b14af875f
      size: 19157
    - path: data/process/train_winequality.csv
      md5: eb194c439f11a763691ae2f66e305d74
      size: 76075
    - path: src/train_evaluate.py
      md5: e7092c0c54ee7e772ebd684fc2e8d495
      size: 3833
    params:
      params.yaml:
        estimators.ElasticNet.params.alpha: 0.5
        estimators.ElasticNet.params.l1_ratio: 0.5
  log_production_model:
    cmd: python src/log_production_model.py --config=params.yaml
    deps:
    - path: src/log_production_model.py
      md5: a9ab9432ea4da2977082c82309590f17
      size: 1823
